
Microsoft Visual Studio Solution File, Format Version 12.00
# Visual Studio 2015
Project("{FAE04EC0-301F-11D3-BF4B-00C04F79EFBC}") = "MushieRun", "MushieRun.csproj", "{B72803A5-A38B-F6AA-A32E-05BF1E4F7ECB}"
EndProject
Project("{FAE04EC0-301F-11D3-BF4B-00C04F79EFBC}") = "MushieRun.Editor", "MushieRun.Editor.csproj", "{DD3A65B5-83A1-4F7E-178F-A860405B44F3}"
EndProject
Global
	GlobalSection(SolutionConfigurationPlatforms) = preSolution
		Debug|Any CPU = Debug|Any CPU
		Release|Any CPU = Release|Any CPU
	EndGlobalSection
	GlobalSection(ProjectConfigurationPlatforms) = postSolution
		{B72803A5-A38B-F6AA-A32E-05BF1E4F7ECB}.Debug|Any CPU.ActiveCfg = Debug|Any CPU
		{B72803A5-A38B-F6AA-A32E-05BF1E4F7ECB}.Debug|Any CPU.Build.0 = Debug|Any CPU
		{B72803A5-A38B-F6AA-A32E-05BF1E4F7ECB}.Release|Any CPU.ActiveCfg = Release|Any CPU
		{B72803A5-A38B-F6AA-A32E-05BF1E4F7ECB}.Release|Any CPU.Build.0 = Release|Any CPU
		{DD3A65B5-83A1-4F7E-178F-A860405B44F3}.Debug|Any CPU.ActiveCfg = Debug|Any CPU
		{DD3A65B5-83A1-4F7E-178F-A860405B44F3}.Debug|Any CPU.Build.0 = Debug|Any CPU
		{DD3A65B5-83A1-4F7E-178F-A860405B44F3}.Release|Any CPU.ActiveCfg = Release|Any CPU
		{DD3A65B5-83A1-4F7E-178F-A860405B44F3}.Release|Any CPU.Build.0 = Release|Any CPU
	EndGlobalSection
	GlobalSection(SolutionProperties) = preSolution
		HideSolutionNode = FALSE
	EndGlobalSection
EndGlobal
